// !$*UTF8*$!
{
	archiveVersion = 1;
	classes = {
	};
	objectVersion = 50;
	objects = {

/* Begin PBXBuildFile section */
		C63EEB5C234EA13E00BFBC0A /* AppDelegate.swift in Sources */ = {isa = PBXBuildFile; fileRef = C63EEB5B234EA13E00BFBC0A /* AppDelegate.swift */; };
		C63EEB60234EA13E00BFBC0A /* ViewController.swift in Sources */ = {isa = PBXBuildFile; fileRef = C63EEB5F234EA13E00BFBC0A /* ViewController.swift */; };
		C63EEB63234EA13E00BFBC0A /* Main.storyboard in Resources */ = {isa = PBXBuildFile; fileRef = C63EEB61234EA13E00BFBC0A /* Main.storyboard */; };
		C63EEB65234EA14100BFBC0A /* Assets.xcassets in Resources */ = {isa = PBXBuildFile; fileRef = C63EEB64234EA14100BFBC0A /* Assets.xcassets */; };
		C63EEB68234EA14100BFBC0A /* LaunchScreen.storyboard in Resources */ = {isa = PBXBuildFile; fileRef = C63EEB66234EA14100BFBC0A /* LaunchScreen.storyboard */; };
		C63EEB70234EE45000BFBC0A /* PolarCoordination.swift in Sources */ = {isa = PBXBuildFile; fileRef = C63EEB6F234EE45000BFBC0A /* PolarCoordination.swift */; };
		C63EEB72234EE69B00BFBC0A /* TurnTableMovementTracker.swift in Sources */ = {isa = PBXBuildFile; fileRef = C63EEB71234EE69B00BFBC0A /* TurnTableMovementTracker.swift */; };
		C63EEB74234EEBC300BFBC0A /* Observable.swift in Sources */ = {isa = PBXBuildFile; fileRef = C63EEB73234EEBC300BFBC0A /* Observable.swift */; };
		C6E9AFCF23A7DB0B000E24C7 /* TurnTableView.swift in Sources */ = {isa = PBXBuildFile; fileRef = C6E9AFCE23A7DB0B000E24C7 /* TurnTableView.swift */; };
/* End PBXBuildFile section */

/* Begin PBXFileReference section */
		C63EEB58234EA13E00BFBC0A /* TurnTable.app */ = {isa = PBXFileReference; explicitFileType = wrapper.application; includeInIndex = 0; path = TurnTable.app; sourceTree = BUILT_PRODUCTS_DIR; };
		C63EEB5B234EA13E00BFBC0A /* AppDelegate.swift */ = {isa = PBXFileReference; lastKnownFileType = sourcecode.swift; path = AppDelegate.swift; sourceTree = "<group>"; };
		C63EEB5F234EA13E00BFBC0A /* ViewController.swift */ = {isa = PBXFileReference; lastKnownFileType = sourcecode.swift; path = ViewController.swift; sourceTree = "<group>"; };
		C63EEB62234EA13E00BFBC0A /* Base */ = {isa = PBXFileReference; lastKnownFileType = file.storyboard; name = Base; path = Base.lproj/Main.storyboard; sourceTree = "<group>"; };
		C63EEB64234EA14100BFBC0A /* Assets.xcassets */ = {isa = PBXFileReference; lastKnownFileType = folder.assetcatalog; path = Assets.xcassets; sourceTree = "<group>"; };
		C63EEB67234EA14100BFBC0A /* Base */ = {isa = PBXFileReference; lastKnownFileType = file.storyboard; name = Base; path = Base.lproj/LaunchScreen.storyboard; sourceTree = "<group>"; };
		C63EEB69234EA14100BFBC0A /* Info.plist */ = {isa = PBXFileReference; lastKnownFileType = text.plist.xml; path = Info.plist; sourceTree = "<group>"; };
		C63EEB6F234EE45000BFBC0A /* PolarCoordination.swift */ = {isa = PBXFileReference; lastKnownFileType = sourcecode.swift; path = PolarCoordination.swift; sourceTree = "<group>"; };
		C63EEB71234EE69B00BFBC0A /* TurnTableMovementTracker.swift */ = {isa = PBXFileReference; lastKnownFileType = sourcecode.swift; path = TurnTableMovementTracker.swift; sourceTree = "<group>"; };
		C63EEB73234EEBC300BFBC0A /* Observable.swift */ = {isa = PBXFileReference; lastKnownFileType = sourcecode.swift; path = Observable.swift; sourceTree = "<group>"; };
		C6E9AFCE23A7DB0B000E24C7 /* TurnTableView.swift */ = {isa = PBXFileReference; lastKnownFileType = sourcecode.swift; path = TurnTableView.swift; sourceTree = "<group>"; };
/* End PBXFileReference section */

/* Begin PBXFrameworksBuildPhase section */
		C63EEB55234EA13E00BFBC0A /* Frameworks */ = {
			isa = PBXFrameworksBuildPhase;
			buildActionMask = 2147483647;
			files = (
			);
			runOnlyForDeploymentPostprocessing = 0;
		};
/* End PBXFrameworksBuildPhase section */

/* Begin PBXGroup section */
		C63EEB4F234EA13E00BFBC0A = {
			isa = PBXGroup;
			children = (
				C63EEB5A234EA13E00BFBC0A /* TurnTable */,
				C63EEB59234EA13E00BFBC0A /* Products */,
			);
			sourceTree = "<group>";
		};
		C63EEB59234EA13E00BFBC0A /* Products */ = {
			isa = PBXGroup;
			children = (
				C63EEB58234EA13E00BFBC0A /* TurnTable.app */,
			);
			name = Products;
			sourceTree = "<group>";
		};
		C63EEB5A234EA13E00BFBC0A /* TurnTable */ = {
			isa = PBXGroup;
			children = (
				C63EEB69234EA14100BFBC0A /* Info.plist */,
				C63EEB5B234EA13E00BFBC0A /* AppDelegate.swift */,
				C63EEB5F234EA13E00BFBC0A /* ViewController.swift */,
				C63EEB64234EA14100BFBC0A /* Assets.xcassets */,
				C63EEB76234EF22900BFBC0A /* Helper */,
				C63EEB66234EA14100BFBC0A /* LaunchScreen.storyboard */,
				C63EEB61234EA13E00BFBC0A /* Main.storyboard */,
				C63EEB75234EF21A00BFBC0A /* Tool */,
				C6E9AFCD23A7DAFF000E24C7 /* View */,
			);
			path = TurnTable;
			sourceTree = "<group>";
		};
		C63EEB75234EF21A00BFBC0A /* Tool */ = {
			isa = PBXGroup;
			children = (
				C63EEB73234EEBC300BFBC0A /* Observable.swift */,
				C63EEB6F234EE45000BFBC0A /* PolarCoordination.swift */,
			);
			path = Tool;
			sourceTree = "<group>";
		};
		C63EEB76234EF22900BFBC0A /* Helper */ = {
			isa = PBXGroup;
			children = (
				C63EEB71234EE69B00BFBC0A /* TurnTableMovementTracker.swift */,
			);
			path = Helper;
			sourceTree = "<group>";
		};
		C6E9AFCD23A7DAFF000E24C7 /* View */ = {
			isa = PBXGroup;
			children = (
				C6E9AFCE23A7DB0B000E24C7 /* TurnTableView.swift */,
			);
			path = View;
			sourceTree = "<group>";
		};
/* End PBXGroup section */

/* Begin PBXNativeTarget section */
		C63EEB57234EA13E00BFBC0A /* TurnTable */ = {
			isa = PBXNativeTarget;
			buildConfigurationList = C63EEB6C234EA14100BFBC0A /* Build configuration list for PBXNativeTarget "TurnTable" */;
			buildPhases = (
				C63EEB54234EA13E00BFBC0A /* Sources */,
				C63EEB55234EA13E00BFBC0A /* Frameworks */,
				C63EEB56234EA13E00BFBC0A /* Resources */,
			);
			buildRules = (
			);
			dependencies = (
			);
			name = TurnTable;
			productName = TurnTable;
			productReference = C63EEB58234EA13E00BFBC0A /* TurnTable.app */;
			productType = "com.apple.product-type.application";
		};
/* End PBXNativeTarget section */

/* Begin PBXProject section */
		C63EEB50234EA13E00BFBC0A /* Project object */ = {
			isa = PBXProject;
			attributes = {
				LastSwiftUpdateCheck = 1100;
				LastUpgradeCheck = 1100;
				ORGANIZATIONNAME = Dandelion;
				TargetAttributes = {
					C63EEB57234EA13E00BFBC0A = {
						CreatedOnToolsVersion = 11.0;
					};
				};
			};
			buildConfigurationList = C63EEB53234EA13E00BFBC0A /* Build configuration list for PBXProject "TurnTable" */;
			compatibilityVersion = "Xcode 9.3";
			developmentRegion = en;
			hasScannedForEncodings = 0;
			knownRegions = (
				en,
				Base,
			);
			mainGroup = C63EEB4F234EA13E00BFBC0A;
			productRefGroup = C63EEB59234EA13E00BFBC0A /* Products */;
			projectDirPath = "";
			projectRoot = "";
			targets = (
				C63EEB57234EA13E00BFBC0A /* TurnTable */,
			);
		};
/* End PBXProject section */

/* Begin PBXResourcesBuildPhase section */
		C63EEB56234EA13E00BFBC0A /* Resources */ = {
			isa = PBXResourcesBuildPhase;
			buildActionMask = 2147483647;
			files = (
				C63EEB68234EA14100BFBC0A /* LaunchScreen.storyboard in Resources */,
				C63EEB65234EA14100BFBC0A /* Assets.xcassets in Resources */,
				C63EEB63234EA13E00BFBC0A /* Main.storyboard in Resources */,
			);
			runOnlyForDeploymentPostprocessing = 0;
		};
/* End PBXResourcesBuildPhase section */

/* Begin PBXSourcesBuildPhase section */
		C63EEB54234EA13E00BFBC0A /* Sources */ = {
			isa = PBXSourcesBuildPhase;
			buildActionMask = 2147483647;
			files = (
				C6E9AFCF23A7DB0B000E24C7 /* TurnTableView.swift in Sources */,
				C63EEB60234EA13E00BFBC0A /* ViewController.swift in Sources */,
				C63EEB74234EEBC300BFBC0A /* Observable.swift in Sources */,
				C63EEB70234EE45000BFBC0A /* PolarCoordination.swift in Sources */,
				C63EEB72234EE69B00BFBC0A /* TurnTableMovementTracker.swift in Sources */,
				C63EEB5C234EA13E00BFBC0A /* AppDelegate.swift in Sources */,
			);
			runOnlyForDeploymentPostprocessing = 0;
		};
/* End PBXSourcesBuildPhase section */

/* Begin PBXVariantGroup section */
		C63EEB61234EA13E00BFBC0A /* Main.storyboard */ = {
			isa = PBXVariantGroup;
			children = (
				C63EEB62234EA13E00BFBC0A /* Base */,
			);
			name = Main.storyboard;
			sourceTree = "<group>";
		};
		C63EEB66234EA14100BFBC0A /* LaunchScreen.storyboard */ = {
			isa = PBXVariantGroup;
			children = (
				C63EEB67234EA14100BFBC0A /* Base */,
			);
			name = LaunchScreen.storyboard;
			sourceTree = "<group>";
		};
/* End PBXVariantGroup section */

/* Begin XCBuildConfiguration section */
		C63EEB6A234EA14100BFBC0A /* Debug */ = {
			isa = XCBuildConfiguration;
			buildSettings = {
				ALWAYS_SEARCH_USER_PATHS = NO;
				CLANG_ANALYZER_NONNULL = YES;
				CLANG_ANALYZER_NUMBER_OBJECT_CONVERSION = YES_AGGRESSIVE;
				CLANG_CXX_LANGUAGE_STANDARD = "gnu++14";
				CLANG_CXX_LIBRARY = "libc++";
				CLANG_ENABLE_MODULES = YES;
				CLANG_ENABLE_OBJC_ARC = YES;
				CLANG_ENABLE_OBJC_WEAK = YES;
				CLANG_WARN_BLOCK_CAPTURE_AUTORELEASING = YES;
				CLANG_WARN_BOOL_CONVERSION = YES;
				CLANG_WARN_COMMA = YES;
				CLANG_WARN_CONSTANT_CONVERSION = YES;
				CLANG_WARN_DEPRECATED_OBJC_IMPLEMENTATIONS = YES;
				CLANG_WARN_DIRECT_OBJC_ISA_USAGE = YES_ERROR;
				CLANG_WARN_DOCUMENTATION_COMMENTS = YES;
				CLANG_WARN_EMPTY_BODY = YES;
				CLANG_WARN_ENUM_CONVERSION = YES;
				CLANG_WARN_INFINITE_RECURSION = YES;
				CLANG_WARN_INT_CONVERSION = YES;
				CLANG_WARN_NON_LITERAL_NULL_CONVERSION = YES;
				CLANG_WARN_OBJC_IMPLICIT_RETAIN_SELF = YES;
				CLANG_WARN_OBJC_LITERAL_CONVERSION = YES;
				CLANG_WARN_OBJC_ROOT_CLASS = YES_ERROR;
				CLANG_WARN_RANGE_LOOP_ANALYSIS = YES;
				CLANG_WARN_STRICT_PROTOTYPES = YES;
				CLANG_WARN_SUSPICIOUS_MOVE = YES;
				CLANG_WARN_UNGUARDED_AVAILABILITY = YES_AGGRESSIVE;
				CLANG_WARN_UNREACHABLE_CODE = YES;
				CLANG_WARN__DUPLICATE_METHOD_MATCH = YES;
				COPY_PHASE_STRIP = NO;
				DEBUG_INFORMATION_FORMAT = dwarf;
				ENABLE_STRICT_OBJC_MSGSEND = YES;
				ENABLE_TESTABILITY = YES;
				GCC_C_LANGUAGE_STANDARD = gnu11;
				GCC_DYNAMIC_NO_PIC = NO;
				GCC_NO_COMMON_BLOCKS = YES;
				GCC_OPTIMIZATION_LEVEL = 0;
				GCC_PREPROCESSOR_DEFINITIONS = (
					"DEBUG=1",
					"$(inherited)",
				);
				GCC_WARN_64_TO_32_BIT_CONVERSION = YES;
				GCC_WARN_ABOUT_RETURN_TYPE = YES_ERROR;
				GCC_WARN_UNDECLARED_SELECTOR = YES;
				GCC_WARN_UNINITIALIZED_AUTOS = YES_AGGRESSIVE;
				GCC_WARN_UNUSED_FUNCTION = YES;
				GCC_WARN_UNUSED_VARIABLE = YES;
				IPHONEOS_DEPLOYMENT_TARGET = 13.0;
				MTL_ENABLE_DEBUG_INFO = INCLUDE_SOURCE;
				MTL_FAST_MATH = YES;
				ONLY_ACTIVE_ARCH = YES;
				SDKROOT = iphoneos;
				SWIFT_ACTIVE_COMPILATION_CONDITIONS = DEBUG;
				SWIFT_OPTIMIZATION_LEVEL = "-Onone";
			};
			name = Debug;
		};
		C63EEB6B234EA14100BFBC0A /* Release */ = {
			isa = XCBuildConfiguration;
			buildSettings = {
				ALWAYS_SEARCH_USER_PATHS = NO;
				CLANG_ANALYZER_NONNULL = YES;
				CLANG_ANALYZER_NUMBER_OBJECT_CONVERSION = YES_AGGRESSIVE;
				CLANG_CXX_LANGUAGE_STANDARD = "gnu++14";
				CLANG_CXX_LIBRARY = "libc++";
				CLANG_ENABLE_MODULES = YES;
				CLANG_ENABLE_OBJC_ARC = YES;
				CLANG_ENABLE_OBJC_WEAK = YES;
				CLANG_WARN_BLOCK_CAPTURE_AUTORELEASING = YES;
				CLANG_WARN_BOOL_CONVERSION = YES;
				CLANG_WARN_COMMA = YES;
				CLANG_WARN_CONSTANT_CONVERSION = YES;
				CLANG_WARN_DEPRECATED_OBJC_IMPLEMENTATIONS = YES;
				CLANG_WARN_DIRECT_OBJC_ISA_USAGE = YES_ERROR;
				CLANG_WARN_DOCUMENTATION_COMMENTS = YES;
				CLANG_WARN_EMPTY_BODY = YES;
				CLANG_WARN_ENUM_CONVERSION = YES;
				CLANG_WARN_INFINITE_RECURSION = YES;
				CLANG_WARN_INT_CONVERSION = YES;
				CLANG_WARN_NON_LITERAL_NULL_CONVERSION = YES;
				CLANG_WARN_OBJC_IMPLICIT_RETAIN_SELF = YES;
				CLANG_WARN_OBJC_LITERAL_CONVERSION = YES;
				CLANG_WARN_OBJC_ROOT_CLASS = YES_ERROR;
				CLANG_WARN_RANGE_LOOP_ANALYSIS = YES;
				CLANG_WARN_STRICT_PROTOTYPES = YES;
				CLANG_WARN_SUSPICIOUS_MOVE = YES;
				CLANG_WARN_UNGUARDED_AVAILABILITY = YES_AGGRESSIVE;
				CLANG_WARN_UNREACHABLE_CODE = YES;
				CLANG_WARN__DUPLICATE_METHOD_MATCH = YES;
				COPY_PHASE_STRIP = NO;
				DEBUG_INFORMATION_FORMAT = "dwarf-with-dsym";
				ENABLE_NS_ASSERTIONS = NO;
				ENABLE_STRICT_OBJC_MSGSEND = YES;
				GCC_C_LANGUAGE_STANDARD = gnu11;
				GCC_NO_COMMON_BLOCKS = YES;
				GCC_WARN_64_TO_32_BIT_CONVERSION = YES;
				GCC_WARN_ABOUT_RETURN_TYPE = YES_ERROR;
				GCC_WARN_UNDECLARED_SELECTOR = YES;
				GCC_WARN_UNINITIALIZED_AUTOS = YES_AGGRESSIVE;
				GCC_WARN_UNUSED_FUNCTION = YES;
				GCC_WARN_UNUSED_VARIABLE = YES;
				IPHONEOS_DEPLOYMENT_TARGET = 13.0;
				MTL_ENABLE_DEBUG_INFO = NO;
				MTL_FAST_MATH = YES;
				SDKROOT = iphoneos;
				SWIFT_COMPILATION_MODE = wholemodule;
				SWIFT_OPTIMIZATION_LEVEL = "-O";
				VALIDATE_PRODUCT = YES;
			};
			name = Release;
		};
		C63EEB6D234EA14100BFBC0A /* Debug */ = {
			isa = XCBuildConfiguration;
			buildSettings = {
				ASSETCATALOG_COMPILER_APPICON_NAME = AppIcon;
				CODE_SIGN_STYLE = Automatic;
				DEVELOPMENT_TEAM = 9KB772ULPQ;
				INFOPLIST_FILE = TurnTable/Info.plist;
				IPHONEOS_DEPLOYMENT_TARGET = 12.0;
				LD_RUNPATH_SEARCH_PATHS = (
					"$(inherited)",
					"@executable_path/Frameworks",
				);
				PRODUCT_BUNDLE_IDENTIFIER = com.dandelion.TurnTable;
				PRODUCT_NAME = "$(TARGET_NAME)";
				SWIFT_VERSION = 5.0;
				TARGETED_DEVICE_FAMILY = "1,2";
			};
			name = Debug;
		};
		C63EEB6E234EA14100BFBC0A /* Release */ = {
			isa = XCBuildConfiguration;
			buildSettings = {
				ASSETCATALOG_COMPILER_APPICON_NAME = AppIcon;
				CODE_SIGN_STYLE = Automatic;
				DEVELOPMENT_TEAM = 9KB772ULPQ;
				INFOPLIST_FILE = TurnTable/Info.plist;
				IPHONEOS_DEPLOYMENT_TARGET = 12.0;
				LD_RUNPATH_SEARCH_PATHS = (
					"$(inherited)",
					"@executable_path/Frameworks",
				);
				PRODUCT_BUNDLE_IDENTIFIER = com.dandelion.TurnTable;
				PRODUCT_NAME = "$(TARGET_NAME)";
				SWIFT_VERSION = 5.0;
				TARGETED_DEVICE_FAMILY = "1,2";
			};
			name = Release;
		};
/* End XCBuildConfiguration section */

/* Begin XCConfigurationList section */
		C63EEB53234EA13E00BFBC0A /* Build configuration list for PBXProject "TurnTable" */ = {
			isa = XCConfigurationList;
			buildConfigurations = (
				C63EEB6A234EA14100BFBC0A /* Debug */,
				C63EEB6B234EA14100BFBC0A /* Release */,
			);
			defaultConfigurationIsVisible = 0;
			defaultConfigurationName = Release;
		};
		C63EEB6C234EA14100BFBC0A /* Build configuration list for PBXNativeTarget "TurnTable" */ = {
			isa = XCConfigurationList;
			buildConfigurations = (
				C63EEB6D234EA14100BFBC0A /* Debug */,
				C63EEB6E234EA14100BFBC0A /* Release */,
			);
			defaultConfigurationIsVisible = 0;
			defaultConfigurationName = Release;
		};
/* End XCConfigurationList section */
	};
	rootObject = C63EEB50234EA13E00BFBC0A /* Project object */;
}
